// !$*UTF8*$!
{
	archiveVersion = 1;
	classes = {
	};
	objectVersion = 50;
	objects = {

/* Begin PBXBuildFile section */
		1558CFE2C7EFB12F7FBB3BB5 /* Pods_parsetagram1Tests.framework in Frameworks */ = {isa = PBXBuildFile; fileRef = 01A24558EE44835C6A851689 /* Pods_parsetagram1Tests.framework */; };
		15A78BDE1C6B4D0946C07688 /* Pods_parsetagram1.framework in Frameworks */ = {isa = PBXBuildFile; fileRef = 9CDA71671F2D566A42DEB43B /* Pods_parsetagram1.framework */; };
		22FA0CC5224D98BF00522DE0 /* CommentCell.swift in Sources */ = {isa = PBXBuildFile; fileRef = 22FA0CC4224D98BF00522DE0 /* CommentCell.swift */; };
		22FB5DBA2246FCDC00F70A6B /* AppDelegate.swift in Sources */ = {isa = PBXBuildFile; fileRef = 22FB5DB92246FCDC00F70A6B /* AppDelegate.swift */; };
		22FB5DBC2246FCDC00F70A6B /* ViewController.swift in Sources */ = {isa = PBXBuildFile; fileRef = 22FB5DBB2246FCDC00F70A6B /* ViewController.swift */; };
		22FB5DBF2246FCDC00F70A6B /* Main.storyboard in Resources */ = {isa = PBXBuildFile; fileRef = 22FB5DBD2246FCDC00F70A6B /* Main.storyboard */; };
		22FB5DC12246FCE600F70A6B /* Assets.xcassets in Resources */ = {isa = PBXBuildFile; fileRef = 22FB5DC02246FCE600F70A6B /* Assets.xcassets */; };
		22FB5DC42246FCE600F70A6B /* LaunchScreen.storyboard in Resources */ = {isa = PBXBuildFile; fileRef = 22FB5DC22246FCE600F70A6B /* LaunchScreen.storyboard */; };
		22FB5DCF2246FCE700F70A6B /* parsetagram1Tests.swift in Sources */ = {isa = PBXBuildFile; fileRef = 22FB5DCE2246FCE700F70A6B /* parsetagram1Tests.swift */; };
		22FB5DDA2246FCE700F70A6B /* parsetagram1UITests.swift in Sources */ = {isa = PBXBuildFile; fileRef = 22FB5DD92246FCE700F70A6B /* parsetagram1UITests.swift */; };
		22FB5DE8224702D900F70A6B /* LoginViewController.swift in Sources */ = {isa = PBXBuildFile; fileRef = 22FB5DE7224702D900F70A6B /* LoginViewController.swift */; };
		22FB5DEA224702F700F70A6B /* FeedViewController.swift in Sources */ = {isa = PBXBuildFile; fileRef = 22FB5DE9224702F700F70A6B /* FeedViewController.swift */; };
		22FB5DEE22470F1E00F70A6B /* CameraViewController.swift in Sources */ = {isa = PBXBuildFile; fileRef = 22FB5DED22470F1E00F70A6B /* CameraViewController.swift */; };
		22FB5DF2224718F700F70A6B /* PostCell.swift in Sources */ = {isa = PBXBuildFile; fileRef = 22FB5DF1224718F700F70A6B /* PostCell.swift */; };
		B027C092B52C8E6D753BEEDB /* Pods_parsetagram1UITests.framework in Frameworks */ = {isa = PBXBuildFile; fileRef = 76F772FBF1B593D703F7F339 /* Pods_parsetagram1UITests.framework */; };
/* End PBXBuildFile section */

/* Begin PBXContainerItemProxy section */
		22FB5DCB2246FCE700F70A6B /* PBXContainerItemProxy */ = {
			isa = PBXContainerItemProxy;
			containerPortal = 22FB5DAE2246FCDC00F70A6B /* Project object */;
			proxyType = 1;
			remoteGlobalIDString = 22FB5DB52246FCDC00F70A6B;
			remoteInfo = parsetagram1;
		};
		22FB5DD62246FCE700F70A6B /* PBXContainerItemProxy */ = {
			isa = PBXContainerItemProxy;
			containerPortal = 22FB5DAE2246FCDC00F70A6B /* Project object */;
			proxyType = 1;
			remoteGlobalIDString = 22FB5DB52246FCDC00F70A6B;
			remoteInfo = parsetagram1;
		};
/* End PBXContainerItemProxy section */

/* Begin PBXFileReference section */
		01A24558EE44835C6A851689 /* Pods_parsetagram1Tests.framework */ = {isa = PBXFileReference; explicitFileType = wrapper.framework; includeInIndex = 0; path = Pods_parsetagram1Tests.framework; sourceTree = BUILT_PRODUCTS_DIR; };
		02F0CD076EA2955303BA56EA /* Pods-parsetagram1.release.xcconfig */ = {isa = PBXFileReference; includeInIndex = 1; lastKnownFileType = text.xcconfig; name = "Pods-parsetagram1.release.xcconfig"; path = "Target Support Files/Pods-parsetagram1/Pods-parsetagram1.release.xcconfig"; sourceTree = "<group>"; };
		129B77BCC6FBC395FF34F0A9 /* Pods-parsetagram1UITests.debug.xcconfig */ = {isa = PBXFileReference; includeInIndex = 1; lastKnownFileType = text.xcconfig; name = "Pods-parsetagram1UITests.debug.xcconfig"; path = "Target Support Files/Pods-parsetagram1UITests/Pods-parsetagram1UITests.debug.xcconfig"; sourceTree = "<group>"; };
		22FA0CC4224D98BF00522DE0 /* CommentCell.swift */ = {isa = PBXFileReference; lastKnownFileType = sourcecode.swift; path = CommentCell.swift; sourceTree = "<group>"; };
		22FB5DB62246FCDC00F70A6B /* parsetagram1.app */ = {isa = PBXFileReference; explicitFileType = wrapper.application; includeInIndex = 0; path = parsetagram1.app; sourceTree = BUILT_PRODUCTS_DIR; };
		22FB5DB92246FCDC00F70A6B /* AppDelegate.swift */ = {isa = PBXFileReference; lastKnownFileType = sourcecode.swift; path = AppDelegate.swift; sourceTree = "<group>"; };
		22FB5DBB2246FCDC00F70A6B /* ViewController.swift */ = {isa = PBXFileReference; lastKnownFileType = sourcecode.swift; path = ViewController.swift; sourceTree = "<group>"; };
		22FB5DBE2246FCDC00F70A6B /* Base */ = {isa = PBXFileReference; lastKnownFileType = file.storyboard; name = Base; path = Base.lproj/Main.storyboard; sourceTree = "<group>"; };
		22FB5DC02246FCE600F70A6B /* Assets.xcassets */ = {isa = PBXFileReference; lastKnownFileType = folder.assetcatalog; path = Assets.xcassets; sourceTree = "<group>"; };
		22FB5DC32246FCE600F70A6B /* Base */ = {isa = PBXFileReference; lastKnownFileType = file.storyboard; name = Base; path = Base.lproj/LaunchScreen.storyboard; sourceTree = "<group>"; };
		22FB5DC52246FCE600F70A6B /* Info.plist */ = {isa = PBXFileReference; lastKnownFileType = text.plist.xml; path = Info.plist; sourceTree = "<group>"; };
		22FB5DCA2246FCE700F70A6B /* parsetagram1Tests.xctest */ = {isa = PBXFileReference; explicitFileType = wrapper.cfbundle; includeInIndex = 0; path = parsetagram1Tests.xctest; sourceTree = BUILT_PRODUCTS_DIR; };
		22FB5DCE2246FCE700F70A6B /* parsetagram1Tests.swift */ = {isa = PBXFileReference; lastKnownFileType = sourcecode.swift; path = parsetagram1Tests.swift; sourceTree = "<group>"; };
		22FB5DD02246FCE700F70A6B /* Info.plist */ = {isa = PBXFileReference; lastKnownFileType = text.plist.xml; path = Info.plist; sourceTree = "<group>"; };
		22FB5DD52246FCE700F70A6B /* parsetagram1UITests.xctest */ = {isa = PBXFileReference; explicitFileType = wrapper.cfbundle; includeInIndex = 0; path = parsetagram1UITests.xctest; sourceTree = BUILT_PRODUCTS_DIR; };
		22FB5DD92246FCE700F70A6B /* parsetagram1UITests.swift */ = {isa = PBXFileReference; lastKnownFileType = sourcecode.swift; path = parsetagram1UITests.swift; sourceTree = "<group>"; };
		22FB5DDB2246FCE700F70A6B /* Info.plist */ = {isa = PBXFileReference; lastKnownFileType = text.plist.xml; path = Info.plist; sourceTree = "<group>"; };
		22FB5DE7224702D900F70A6B /* LoginViewController.swift */ = {isa = PBXFileReference; lastKnownFileType = sourcecode.swift; path = LoginViewController.swift; sourceTree = "<group>"; };
		22FB5DE9224702F700F70A6B /* FeedViewController.swift */ = {isa = PBXFileReference; lastKnownFileType = sourcecode.swift; path = FeedViewController.swift; sourceTree = "<group>"; };
		22FB5DED22470F1E00F70A6B /* CameraViewController.swift */ = {isa = PBXFileReference; lastKnownFileType = sourcecode.swift; path = CameraViewController.swift; sourceTree = "<group>"; };
		22FB5DF1224718F700F70A6B /* PostCell.swift */ = {isa = PBXFileReference; lastKnownFileType = sourcecode.swift; path = PostCell.swift; sourceTree = "<group>"; };
		76988858395D76502E56610F /* Pods-parsetagram1Tests.release.xcconfig */ = {isa = PBXFileReference; includeInIndex = 1; lastKnownFileType = text.xcconfig; name = "Pods-parsetagram1Tests.release.xcconfig"; path = "Target Support Files/Pods-parsetagram1Tests/Pods-parsetagram1Tests.release.xcconfig"; sourceTree = "<group>"; };
		76F772FBF1B593D703F7F339 /* Pods_parsetagram1UITests.framework */ = {isa = PBXFileReference; explicitFileType = wrapper.framework; includeInIndex = 0; path = Pods_parsetagram1UITests.framework; sourceTree = BUILT_PRODUCTS_DIR; };
		836E4C3EEFAF11D1477202E5 /* Pods-parsetagram1Tests.debug.xcconfig */ = {isa = PBXFileReference; includeInIndex = 1; lastKnownFileType = text.xcconfig; name = "Pods-parsetagram1Tests.debug.xcconfig"; path = "Target Support Files/Pods-parsetagram1Tests/Pods-parsetagram1Tests.debug.xcconfig"; sourceTree = "<group>"; };
		8FD603D2688502E8F183211D /* Pods-parsetagram1.debug.xcconfig */ = {isa = PBXFileReference; includeInIndex = 1; lastKnownFileType = text.xcconfig; name = "Pods-parsetagram1.debug.xcconfig"; path = "Target Support Files/Pods-parsetagram1/Pods-parsetagram1.debug.xcconfig"; sourceTree = "<group>"; };
		9CDA71671F2D566A42DEB43B /* Pods_parsetagram1.framework */ = {isa = PBXFileReference; explicitFileType = wrapper.framework; includeInIndex = 0; path = Pods_parsetagram1.framework; sourceTree = BUILT_PRODUCTS_DIR; };
		A0D7E779E3D6AF679A198D5A /* Pods-parsetagram1UITests.release.xcconfig */ = {isa = PBXFileReference; includeInIndex = 1; lastKnownFileType = text.xcconfig; name = "Pods-parsetagram1UITests.release.xcconfig"; path = "Target Support Files/Pods-parsetagram1UITests/Pods-parsetagram1UITests.release.xcconfig"; sourceTree = "<group>"; };
/* End PBXFileReference section */

/* Begin PBXFrameworksBuildPhase section */
		22FB5DB32246FCDC00F70A6B /* Frameworks */ = {
			isa = PBXFrameworksBuildPhase;
			buildActionMask = 2147483647;
			files = (
				15A78BDE1C6B4D0946C07688 /* Pods_parsetagram1.framework in Frameworks */,
			);
			runOnlyForDeploymentPostprocessing = 0;
		};
		22FB5DC72246FCE700F70A6B /* Frameworks */ = {
			isa = PBXFrameworksBuildPhase;
			buildActionMask = 2147483647;
			files = (
				1558CFE2C7EFB12F7FBB3BB5 /* Pods_parsetagram1Tests.framework in Frameworks */,
			);
			runOnlyForDeploymentPostprocessing = 0;
		};
		22FB5DD22246FCE700F70A6B /* Frameworks */ = {
			isa = PBXFrameworksBuildPhase;
			buildActionMask = 2147483647;
			files = (
				B027C092B52C8E6D753BEEDB /* Pods_parsetagram1UITests.framework in Frameworks */,
			);
			runOnlyForDeploymentPostprocessing = 0;
		};
/* End PBXFrameworksBuildPhase section */

/* Begin PBXGroup section */
		22FB5DAD2246FCDC00F70A6B = {
			isa = PBXGroup;
			children = (
				22FB5DB82246FCDC00F70A6B /* parsetagram1 */,
				22FB5DCD2246FCE700F70A6B /* parsetagram1Tests */,
				22FB5DD82246FCE700F70A6B /* parsetagram1UITests */,
				22FB5DB72246FCDC00F70A6B /* Products */,
				EFC456ADA3CFD069712F18F8 /* Pods */,
				F779EB4F69ADC1FC58B5A187 /* Frameworks */,
			);
			sourceTree = "<group>";
		};
		22FB5DB72246FCDC00F70A6B /* Products */ = {
			isa = PBXGroup;
			children = (
				22FB5DB62246FCDC00F70A6B /* parsetagram1.app */,
				22FB5DCA2246FCE700F70A6B /* parsetagram1Tests.xctest */,
				22FB5DD52246FCE700F70A6B /* parsetagram1UITests.xctest */,
			);
			name = Products;
			sourceTree = "<group>";
		};
		22FB5DB82246FCDC00F70A6B /* parsetagram1 */ = {
			isa = PBXGroup;
			children = (
				22FB5DB92246FCDC00F70A6B /* AppDelegate.swift */,
				22FB5DBB2246FCDC00F70A6B /* ViewController.swift */,
				22FB5DE9224702F700F70A6B /* FeedViewController.swift */,
				22FB5DBD2246FCDC00F70A6B /* Main.storyboard */,
				22FB5DE7224702D900F70A6B /* LoginViewController.swift */,
				22FA0CC4224D98BF00522DE0 /* CommentCell.swift */,
				22FB5DC02246FCE600F70A6B /* Assets.xcassets */,
				22FB5DC22246FCE600F70A6B /* LaunchScreen.storyboard */,
				22FB5DC52246FCE600F70A6B /* Info.plist */,
				22FB5DED22470F1E00F70A6B /* CameraViewController.swift */,
				22FB5DF1224718F700F70A6B /* PostCell.swift */,
			);
			path = parsetagram1;
			sourceTree = "<group>";
		};
		22FB5DCD2246FCE700F70A6B /* parsetagram1Tests */ = {
			isa = PBXGroup;
			children = (
				22FB5DCE2246FCE700F70A6B /* parsetagram1Tests.swift */,
				22FB5DD02246FCE700F70A6B /* Info.plist */,
			);
			path = parsetagram1Tests;
			sourceTree = "<group>";
		};
		22FB5DD82246FCE700F70A6B /* parsetagram1UITests */ = {
			isa = PBXGroup;
			children = (
				22FB5DD92246FCE700F70A6B /* parsetagram1UITests.swift */,
				22FB5DDB2246FCE700F70A6B /* Info.plist */,
			);
			path = parsetagram1UITests;
			sourceTree = "<group>";
		};
		EFC456ADA3CFD069712F18F8 /* Pods */ = {
			isa = PBXGroup;
			children = (
				8FD603D2688502E8F183211D /* Pods-parsetagram1.debug.xcconfig */,
				02F0CD076EA2955303BA56EA /* Pods-parsetagram1.release.xcconfig */,
				836E4C3EEFAF11D1477202E5 /* Pods-parsetagram1Tests.debug.xcconfig */,
				76988858395D76502E56610F /* Pods-parsetagram1Tests.release.xcconfig */,
				129B77BCC6FBC395FF34F0A9 /* Pods-parsetagram1UITests.debug.xcconfig */,
				A0D7E779E3D6AF679A198D5A /* Pods-parsetagram1UITests.release.xcconfig */,
			);
			path = Pods;
			sourceTree = "<group>";
		};
		F779EB4F69ADC1FC58B5A187 /* Frameworks */ = {
			isa = PBXGroup;
			children = (
				9CDA71671F2D566A42DEB43B /* Pods_parsetagram1.framework */,
				01A24558EE44835C6A851689 /* Pods_parsetagram1Tests.framework */,
				76F772FBF1B593D703F7F339 /* Pods_parsetagram1UITests.framework */,
			);
			name = Frameworks;
			sourceTree = "<group>";
		};
/* End PBXGroup section */

/* Begin PBXNativeTarget section */
		22FB5DB52246FCDC00F70A6B /* parsetagram1 */ = {
			isa = PBXNativeTarget;
			buildConfigurationList = 22FB5DDE2246FCE700F70A6B /* Build configuration list for PBXNativeTarget "parsetagram1" */;
			buildPhases = (
				5B9FA3B28E0245CA67CE55AB /* [CP] Check Pods Manifest.lock */,
				22FB5DB22246FCDC00F70A6B /* Sources */,
				22FB5DB32246FCDC00F70A6B /* Frameworks */,
				22FB5DB42246FCDC00F70A6B /* Resources */,
				9D623990849C7F6FF720B843 /* [CP] Embed Pods Frameworks */,
			);
			buildRules = (
			);
			dependencies = (
			);
			name = parsetagram1;
			productName = parsetagram1;
			productReference = 22FB5DB62246FCDC00F70A6B /* parsetagram1.app */;
			productType = "com.apple.product-type.application";
		};
		22FB5DC92246FCE700F70A6B /* parsetagram1Tests */ = {
			isa = PBXNativeTarget;
			buildConfigurationList = 22FB5DE12246FCE700F70A6B /* Build configuration list for PBXNativeTarget "parsetagram1Tests" */;
			buildPhases = (
				0CC364B3F06EDC5D87F05F16 /* [CP] Check Pods Manifest.lock */,
				22FB5DC62246FCE700F70A6B /* Sources */,
				22FB5DC72246FCE700F70A6B /* Frameworks */,
				22FB5DC82246FCE700F70A6B /* Resources */,
			);
			buildRules = (
			);
			dependencies = (
				22FB5DCC2246FCE700F70A6B /* PBXTargetDependency */,
			);
			name = parsetagram1Tests;
			productName = parsetagram1Tests;
			productReference = 22FB5DCA2246FCE700F70A6B /* parsetagram1Tests.xctest */;
			productType = "com.apple.product-type.bundle.unit-test";
		};
		22FB5DD42246FCE700F70A6B /* parsetagram1UITests */ = {
			isa = PBXNativeTarget;
			buildConfigurationList = 22FB5DE42246FCE700F70A6B /* Build configuration list for PBXNativeTarget "parsetagram1UITests" */;
			buildPhases = (
				298ADE4AC41D70C4BD705545 /* [CP] Check Pods Manifest.lock */,
				22FB5DD12246FCE700F70A6B /* Sources */,
				22FB5DD22246FCE700F70A6B /* Frameworks */,
				22FB5DD32246FCE700F70A6B /* Resources */,
			);
			buildRules = (
			);
			dependencies = (
				22FB5DD72246FCE700F70A6B /* PBXTargetDependency */,
			);
			name = parsetagram1UITests;
			productName = parsetagram1UITests;
			productReference = 22FB5DD52246FCE700F70A6B /* parsetagram1UITests.xctest */;
			productType = "com.apple.product-type.bundle.ui-testing";
		};
/* End PBXNativeTarget section */

/* Begin PBXProject section */
		22FB5DAE2246FCDC00F70A6B /* Project object */ = {
			isa = PBXProject;
			attributes = {
				LastSwiftUpdateCheck = 1010;
				LastUpgradeCheck = 1010;
				ORGANIZATIONNAME = "Anastasiya Uraleva";
				TargetAttributes = {
					22FB5DB52246FCDC00F70A6B = {
						CreatedOnToolsVersion = 10.1;
					};
					22FB5DC92246FCE700F70A6B = {
						CreatedOnToolsVersion = 10.1;
						TestTargetID = 22FB5DB52246FCDC00F70A6B;
					};
					22FB5DD42246FCE700F70A6B = {
						CreatedOnToolsVersion = 10.1;
						TestTargetID = 22FB5DB52246FCDC00F70A6B;
					};
				};
			};
			buildConfigurationList = 22FB5DB12246FCDC00F70A6B /* Build configuration list for PBXProject "parsetagram1" */;
			compatibilityVersion = "Xcode 9.3";
			developmentRegion = en;
			hasScannedForEncodings = 0;
			knownRegions = (
				en,
				Base,
			);
			mainGroup = 22FB5DAD2246FCDC00F70A6B;
			productRefGroup = 22FB5DB72246FCDC00F70A6B /* Products */;
			projectDirPath = "";
			projectRoot = "";
			targets = (
				22FB5DB52246FCDC00F70A6B /* parsetagram1 */,
				22FB5DC92246FCE700F70A6B /* parsetagram1Tests */,
				22FB5DD42246FCE700F70A6B /* parsetagram1UITests */,
			);
		};
/* End PBXProject section */

/* Begin PBXResourcesBuildPhase section */
		22FB5DB42246FCDC00F70A6B /* Resources */ = {
			isa = PBXResourcesBuildPhase;
			buildActionMask = 2147483647;
			files = (
				22FB5DC42246FCE600F70A6B /* LaunchScreen.storyboard in Resources */,
				22FB5DC12246FCE600F70A6B /* Assets.xcassets in Resources */,
				22FB5DBF2246FCDC00F70A6B /* Main.storyboard in Resources */,
			);
			runOnlyForDeploymentPostprocessing = 0;
		};
		22FB5DC82246FCE700F70A6B /* Resources */ = {
			isa = PBXResourcesBuildPhase;
			buildActionMask = 2147483647;
			files = (
			);
			runOnlyForDeploymentPostprocessing = 0;
		};
		22FB5DD32246FCE700F70A6B /* Resources */ = {
			isa = PBXResourcesBuildPhase;
			buildActionMask = 2147483647;
			files = (
			);
			runOnlyForDeploymentPostprocessing = 0;
		};
/* End PBXResourcesBuildPhase section */

/* Begin PBXShellScriptBuildPhase section */
		0CC364B3F06EDC5D87F05F16 /* [CP] Check Pods Manifest.lock */ = {
			isa = PBXShellScriptBuildPhase;
			buildActionMask = 2147483647;
			files = (
			);
			inputFileListPaths = (
			);
			inputPaths = (
				"${PODS_PODFILE_DIR_PATH}/Podfile.lock",
				"${PODS_ROOT}/Manifest.lock",
			);
			name = "[CP] Check Pods Manifest.lock";
			outputFileListPaths = (
			);
			outputPaths = (
				"$(DERIVED_FILE_DIR)/Pods-parsetagram1Tests-checkManifestLockResult.txt",
			);
			runOnlyForDeploymentPostprocessing = 0;
			shellPath = /bin/sh;
			shellScript = "diff \"${PODS_PODFILE_DIR_PATH}/Podfile.lock\" \"${PODS_ROOT}/Manifest.lock\" > /dev/null\nif [ $? != 0 ] ; then\n    # print error to STDERR\n    echo \"error: The sandbox is not in sync with the Podfile.lock. Run 'pod install' or update your CocoaPods installation.\" >&2\n    exit 1\nfi\n# This output is used by Xcode 'outputs' to avoid re-running this script phase.\necho \"SUCCESS\" > \"${SCRIPT_OUTPUT_FILE_0}\"\n";
			showEnvVarsInLog = 0;
		};
		298ADE4AC41D70C4BD705545 /* [CP] Check Pods Manifest.lock */ = {
			isa = PBXShellScriptBuildPhase;
			buildActionMask = 2147483647;
			files = (
			);
			inputFileListPaths = (
			);
			inputPaths = (
				"${PODS_PODFILE_DIR_PATH}/Podfile.lock",
				"${PODS_ROOT}/Manifest.lock",
			);
			name = "[CP] Check Pods Manifest.lock";
			outputFileListPaths = (
			);
			outputPaths = (
				"$(DERIVED_FILE_DIR)/Pods-parsetagram1UITests-checkManifestLockResult.txt",
			);
			runOnlyForDeploymentPostprocessing = 0;
			shellPath = /bin/sh;
			shellScript = "diff \"${PODS_PODFILE_DIR_PATH}/Podfile.lock\" \"${PODS_ROOT}/Manifest.lock\" > /dev/null\nif [ $? != 0 ] ; then\n    # print error to STDERR\n    echo \"error: The sandbox is not in sync with the Podfile.lock. Run 'pod install' or update your CocoaPods installation.\" >&2\n    exit 1\nfi\n# This output is used by Xcode 'outputs' to avoid re-running this script phase.\necho \"SUCCESS\" > \"${SCRIPT_OUTPUT_FILE_0}\"\n";
			showEnvVarsInLog = 0;
		};
		5B9FA3B28E0245CA67CE55AB /* [CP] Check Pods Manifest.lock */ = {
			isa = PBXShellScriptBuildPhase;
			buildActionMask = 2147483647;
			files = (
			);
			inputFileListPaths = (
			);
			inputPaths = (
				"${PODS_PODFILE_DIR_PATH}/Podfile.lock",
				"${PODS_ROOT}/Manifest.lock",
			);
			name = "[CP] Check Pods Manifest.lock";
			outputFileListPaths = (
			);
			outputPaths = (
				"$(DERIVED_FILE_DIR)/Pods-parsetagram1-checkManifestLockResult.txt",
			);
			runOnlyForDeploymentPostprocessing = 0;
			shellPath = /bin/sh;
			shellScript = "diff \"${PODS_PODFILE_DIR_PATH}/Podfile.lock\" \"${PODS_ROOT}/Manifest.lock\" > /dev/null\nif [ $? != 0 ] ; then\n    # print error to STDERR\n    echo \"error: The sandbox is not in sync with the Podfile.lock. Run 'pod install' or update your CocoaPods installation.\" >&2\n    exit 1\nfi\n# This output is used by Xcode 'outputs' to avoid re-running this script phase.\necho \"SUCCESS\" > \"${SCRIPT_OUTPUT_FILE_0}\"\n";
			showEnvVarsInLog = 0;
		};
		9D623990849C7F6FF720B843 /* [CP] Embed Pods Frameworks */ = {
			isa = PBXShellScriptBuildPhase;
			buildActionMask = 2147483647;
			files = (
			);
			inputFileListPaths = (
			);
			inputPaths = (
				"${PODS_ROOT}/Target Support Files/Pods-parsetagram1/Pods-parsetagram1-frameworks.sh",
				"${BUILT_PRODUCTS_DIR}/Alamofire/Alamofire.framework",
				"${BUILT_PRODUCTS_DIR}/AlamofireImage/AlamofireImage.framework",
				"${BUILT_PRODUCTS_DIR}/Bolts/Bolts.framework",
				"${BUILT_PRODUCTS_DIR}/MessageInputBar/MessageInputBar.framework",
				"${BUILT_PRODUCTS_DIR}/Parse/Parse.framework",
			);
			name = "[CP] Embed Pods Frameworks";
			outputFileListPaths = (
			);
			outputPaths = (
				"${TARGET_BUILD_DIR}/${FRAMEWORKS_FOLDER_PATH}/Alamofire.framework",
				"${TARGET_BUILD_DIR}/${FRAMEWORKS_FOLDER_PATH}/AlamofireImage.framework",
				"${TARGET_BUILD_DIR}/${FRAMEWORKS_FOLDER_PATH}/Bolts.framework",
				"${TARGET_BUILD_DIR}/${FRAMEWORKS_FOLDER_PATH}/MessageInputBar.framework",
				"${TARGET_BUILD_DIR}/${FRAMEWORKS_FOLDER_PATH}/Parse.framework",
			);
			runOnlyForDeploymentPostprocessing = 0;
			shellPath = /bin/sh;
			shellScript = "\"${PODS_ROOT}/Target Support Files/Pods-parsetagram1/Pods-parsetagram1-frameworks.sh\"\n";
			showEnvVarsInLog = 0;
		};
/* End PBXShellScriptBuildPhase section */

/* Begin PBXSourcesBuildPhase section */
		22FB5DB22246FCDC00F70A6B /* Sources */ = {
			isa = PBXSourcesBuildPhase;
			buildActionMask = 2147483647;
			files = (
				22FB5DE8224702D900F70A6B /* LoginViewController.swift in Sources */,
				22FB5DEE22470F1E00F70A6B /* CameraViewController.swift in Sources */,
				22FB5DBC2246FCDC00F70A6B /* ViewController.swift in Sources */,
				22FB5DEA224702F700F70A6B /* FeedViewController.swift in Sources */,
				22FB5DBA2246FCDC00F70A6B /* AppDelegate.swift in Sources */,
				22FB5DF2224718F700F70A6B /* PostCell.swift in Sources */,
				22FA0CC5224D98BF00522DE0 /* CommentCell.swift in Sources */,
			);
			runOnlyForDeploymentPostprocessing = 0;
		};
		22FB5DC62246FCE700F70A6B /* Sources */ = {
			isa = PBXSourcesBuildPhase;
			buildActionMask = 2147483647;
			files = (
				22FB5DCF2246FCE700F70A6B /* parsetagram1Tests.swift in Sources */,
			);
			runOnlyForDeploymentPostprocessing = 0;
		};
		22FB5DD12246FCE700F70A6B /* Sources */ = {
			isa = PBXSourcesBuildPhase;
			buildActionMask = 2147483647;
			files = (
				22FB5DDA2246FCE700F70A6B /* parsetagram1UITests.swift in Sources */,
			);
			runOnlyForDeploymentPostprocessing = 0;
		};
/* End PBXSourcesBuildPhase section */

/* Begin PBXTargetDependency section */
		22FB5DCC2246FCE700F70A6B /* PBXTargetDependency */ = {
			isa = PBXTargetDependency;
			target = 22FB5DB52246FCDC00F70A6B /* parsetagram1 */;
			targetProxy = 22FB5DCB2246FCE700F70A6B /* PBXContainerItemProxy */;
		};
		22FB5DD72246FCE700F70A6B /* PBXTargetDependency */ = {
			isa = PBXTargetDependency;
			target = 22FB5DB52246FCDC00F70A6B /* parsetagram1 */;
			targetProxy = 22FB5DD62246FCE700F70A6B /* PBXContainerItemProxy */;
		};
/* End PBXTargetDependency section */

/* Begin PBXVariantGroup section */
		22FB5DBD2246FCDC00F70A6B /* Main.storyboard */ = {
			isa = PBXVariantGroup;
			children = (
				22FB5DBE2246FCDC00F70A6B /* Base */,
			);
			name = Main.storyboard;
			sourceTree = "<group>";
		};
		22FB5DC22246FCE600F70A6B /* LaunchScreen.storyboard */ = {
			isa = PBXVariantGroup;
			children = (
				22FB5DC32246FCE600F70A6B /* Base */,
			);
			name = LaunchScreen.storyboard;
			sourceTree = "<group>";
		};
/* End PBXVariantGroup section */

/* Begin XCBuildConfiguration section */
		22FB5DDC2246FCE700F70A6B /* Debug */ = {
			isa = XCBuildConfiguration;
			buildSettings = {
				ALWAYS_SEARCH_USER_PATHS = NO;
				CLANG_ANALYZER_NONNULL = YES;
				CLANG_ANALYZER_NUMBER_OBJECT_CONVERSION = YES_AGGRESSIVE;
				CLANG_CXX_LANGUAGE_STANDARD = "gnu++14";
				CLANG_CXX_LIBRARY = "libc++";
				CLANG_ENABLE_MODULES = YES;
				CLANG_ENABLE_OBJC_ARC = YES;
				CLANG_ENABLE_OBJC_WEAK = YES;
				CLANG_WARN_BLOCK_CAPTURE_AUTORELEASING = YES;
				CLANG_WARN_BOOL_CONVERSION = YES;
				CLANG_WARN_COMMA = YES;
				CLANG_WARN_CONSTANT_CONVERSION = YES;
				CLANG_WARN_DEPRECATED_OBJC_IMPLEMENTATIONS = YES;
				CLANG_WARN_DIRECT_OBJC_ISA_USAGE = YES_ERROR;
				CLANG_WARN_DOCUMENTATION_COMMENTS = YES;
				CLANG_WARN_EMPTY_BODY = YES;
				CLANG_WARN_ENUM_CONVERSION = YES;
				CLANG_WARN_INFINITE_RECURSION = YES;
				CLANG_WARN_INT_CONVERSION = YES;
				CLANG_WARN_NON_LITERAL_NULL_CONVERSION = YES;
				CLANG_WARN_OBJC_IMPLICIT_RETAIN_SELF = YES;
				CLANG_WARN_OBJC_LITERAL_CONVERSION = YES;
				CLANG_WARN_OBJC_ROOT_CLASS = YES_ERROR;
				CLANG_WARN_RANGE_LOOP_ANALYSIS = YES;
				CLANG_WARN_STRICT_PROTOTYPES = YES;
				CLANG_WARN_SUSPICIOUS_MOVE = YES;
				CLANG_WARN_UNGUARDED_AVAILABILITY = YES_AGGRESSIVE;
				CLANG_WARN_UNREACHABLE_CODE = YES;
				CLANG_WARN__DUPLICATE_METHOD_MATCH = YES;
				CODE_SIGN_IDENTITY = "iPhone Developer";
				COPY_PHASE_STRIP = NO;
				DEBUG_INFORMATION_FORMAT = dwarf;
				ENABLE_STRICT_OBJC_MSGSEND = YES;
				ENABLE_TESTABILITY = YES;
				GCC_C_LANGUAGE_STANDARD = gnu11;
				GCC_DYNAMIC_NO_PIC = NO;
				GCC_NO_COMMON_BLOCKS = YES;
				GCC_OPTIMIZATION_LEVEL = 0;
				GCC_PREPROCESSOR_DEFINITIONS = (
					"DEBUG=1",
					"$(inherited)",
				);
				GCC_WARN_64_TO_32_BIT_CONVERSION = YES;
				GCC_WARN_ABOUT_RETURN_TYPE = YES_ERROR;
				GCC_WARN_UNDECLARED_SELECTOR = YES;
				GCC_WARN_UNINITIALIZED_AUTOS = YES_AGGRESSIVE;
				GCC_WARN_UNUSED_FUNCTION = YES;
				GCC_WARN_UNUSED_VARIABLE = YES;
				IPHONEOS_DEPLOYMENT_TARGET = 12.1;
				MTL_ENABLE_DEBUG_INFO = INCLUDE_SOURCE;
				MTL_FAST_MATH = YES;
				ONLY_ACTIVE_ARCH = YES;
				SDKROOT = iphoneos;
				SWIFT_ACTIVE_COMPILATION_CONDITIONS = DEBUG;
				SWIFT_OPTIMIZATION_LEVEL = "-Onone";
			};
			name = Debug;
		};
		22FB5DDD2246FCE700F70A6B /* Release */ = {
			isa = XCBuildConfiguration;
			buildSettings = {
				ALWAYS_SEARCH_USER_PATHS = NO;
				CLANG_ANALYZER_NONNULL = YES;
				CLANG_ANALYZER_NUMBER_OBJECT_CONVERSION = YES_AGGRESSIVE;
				CLANG_CXX_LANGUAGE_STANDARD = "gnu++14";
				CLANG_CXX_LIBRARY = "libc++";
				CLANG_ENABLE_MODULES = YES;
				CLANG_ENABLE_OBJC_ARC = YES;
				CLANG_ENABLE_OBJC_WEAK = YES;
				CLANG_WARN_BLOCK_CAPTURE_AUTORELEASING = YES;
				CLANG_WARN_BOOL_CONVERSION = YES;
				CLANG_WARN_COMMA = YES;
				CLANG_WARN_CONSTANT_CONVERSION = YES;
				CLANG_WARN_DEPRECATED_OBJC_IMPLEMENTATIONS = YES;
				CLANG_WARN_DIRECT_OBJC_ISA_USAGE = YES_ERROR;
				CLANG_WARN_DOCUMENTATION_COMMENTS = YES;
				CLANG_WARN_EMPTY_BODY = YES;
				CLANG_WARN_ENUM_CONVERSION = YES;
				CLANG_WARN_INFINITE_RECURSION = YES;
				CLANG_WARN_INT_CONVERSION = YES;
				CLANG_WARN_NON_LITERAL_NULL_CONVERSION = YES;
				CLANG_WARN_OBJC_IMPLICIT_RETAIN_SELF = YES;
				CLANG_WARN_OBJC_LITERAL_CONVERSION = YES;
				CLANG_WARN_OBJC_ROOT_CLASS = YES_ERROR;
				CLANG_WARN_RANGE_LOOP_ANALYSIS = YES;
				CLANG_WARN_STRICT_PROTOTYPES = YES;
				CLANG_WARN_SUSPICIOUS_MOVE = YES;
				CLANG_WARN_UNGUARDED_AVAILABILITY = YES_AGGRESSIVE;
				CLANG_WARN_UNREACHABLE_CODE = YES;
				CLANG_WARN__DUPLICATE_METHOD_MATCH = YES;
				CODE_SIGN_IDENTITY = "iPhone Developer";
				COPY_PHASE_STRIP = NO;
				DEBUG_INFORMATION_FORMAT = "dwarf-with-dsym";
				ENABLE_NS_ASSERTIONS = NO;
				ENABLE_STRICT_OBJC_MSGSEND = YES;
				GCC_C_LANGUAGE_STANDARD = gnu11;
				GCC_NO_COMMON_BLOCKS = YES;
				GCC_WARN_64_TO_32_BIT_CONVERSION = YES;
				GCC_WARN_ABOUT_RETURN_TYPE = YES_ERROR;
				GCC_WARN_UNDECLARED_SELECTOR = YES;
				GCC_WARN_UNINITIALIZED_AUTOS = YES_AGGRESSIVE;
				GCC_WARN_UNUSED_FUNCTION = YES;
				GCC_WARN_UNUSED_VARIABLE = YES;
				IPHONEOS_DEPLOYMENT_TARGET = 12.1;
				MTL_ENABLE_DEBUG_INFO = NO;
				MTL_FAST_MATH = YES;
				SDKROOT = iphoneos;
				SWIFT_COMPILATION_MODE = wholemodule;
				SWIFT_OPTIMIZATION_LEVEL = "-O";
				VALIDATE_PRODUCT = YES;
			};
			name = Release;
		};
		22FB5DDF2246FCE700F70A6B /* Debug */ = {
			isa = XCBuildConfiguration;
			baseConfigurationReference = 8FD603D2688502E8F183211D /* Pods-parsetagram1.debug.xcconfig */;
			buildSettings = {
				ASSETCATALOG_COMPILER_APPICON_NAME = AppIcon;
				CODE_SIGN_STYLE = Automatic;
				DEVELOPMENT_TEAM = 5BNYHY7288;
				INFOPLIST_FILE = parsetagram1/Info.plist;
				LD_RUNPATH_SEARCH_PATHS = (
					"$(inherited)",
					"@executable_path/Frameworks",
				);
				PRODUCT_BUNDLE_IDENTIFIER = codepath.parsetagram1;
				PRODUCT_NAME = "$(TARGET_NAME)";
				SWIFT_VERSION = 4.2;
				TARGETED_DEVICE_FAMILY = "1,2";
			};
			name = Debug;
		};
		22FB5DE02246FCE700F70A6B /* Release */ = {
			isa = XCBuildConfiguration;
			baseConfigurationReference = 02F0CD076EA2955303BA56EA /* Pods-parsetagram1.release.xcconfig */;
			buildSettings = {
				ASSETCATALOG_COMPILER_APPICON_NAME = AppIcon;
				CODE_SIGN_STYLE = Automatic;
				DEVELOPMENT_TEAM = 5BNYHY7288;
				INFOPLIST_FILE = parsetagram1/Info.plist;
				LD_RUNPATH_SEARCH_PATHS = (
					"$(inherited)",
					"@executable_path/Frameworks",
				);
				PRODUCT_BUNDLE_IDENTIFIER = codepath.parsetagram1;
				PRODUCT_NAME = "$(TARGET_NAME)";
				SWIFT_VERSION = 4.2;
				TARGETED_DEVICE_FAMILY = "1,2";
			};
			name = Release;
		};
		22FB5DE22246FCE700F70A6B /* Debug */ = {
			isa = XCBuildConfiguration;
			baseConfigurationReference = 836E4C3EEFAF11D1477202E5 /* Pods-parsetagram1Tests.debug.xcconfig */;
			buildSettings = {
				ALWAYS_EMBED_SWIFT_STANDARD_LIBRARIES = YES;
				BUNDLE_LOADER = "$(TEST_HOST)";
				CODE_SIGN_STYLE = Automatic;
				DEVELOPMENT_TEAM = 5BNYHY7288;
				INFOPLIST_FILE = parsetagram1Tests/Info.plist;
				LD_RUNPATH_SEARCH_PATHS = (
					"$(inherited)",
					"@executable_path/Frameworks",
					"@loader_path/Frameworks",
				);
				PRODUCT_BUNDLE_IDENTIFIER = codepath.parsetagram1Tests;
				PRODUCT_NAME = "$(TARGET_NAME)";
				SWIFT_VERSION = 4.2;
				TARGETED_DEVICE_FAMILY = "1,2";
				TEST_HOST = "$(BUILT_PRODUCTS_DIR)/parsetagram1.app/parsetagram1";
			};
			name = Debug;
		};
		22FB5DE32246FCE700F70A6B /* Release */ = {
			isa = XCBuildConfiguration;
			baseConfigurationReference = 76988858395D76502E56610F /* Pods-parsetagram1Tests.release.xcconfig */;
			buildSettings = {
				ALWAYS_EMBED_SWIFT_STANDARD_LIBRARIES = YES;
				BUNDLE_LOADER = "$(TEST_HOST)";
				CODE_SIGN_STYLE = Automatic;
				DEVELOPMENT_TEAM = 5BNYHY7288;
				INFOPLIST_FILE = parsetagram1Tests/Info.plist;
				LD_RUNPATH_SEARCH_PATHS = (
					"$(inherited)",
					"@executable_path/Frameworks",
					"@loader_path/Frameworks",
				);
				PRODUCT_BUNDLE_IDENTIFIER = codepath.parsetagram1Tests;
				PRODUCT_NAME = "$(TARGET_NAME)";
				SWIFT_VERSION = 4.2;
				TARGETED_DEVICE_FAMILY = "1,2";
				TEST_HOST = "$(BUILT_PRODUCTS_DIR)/parsetagram1.app/parsetagram1";
			};
			name = Release;
		};
		22FB5DE52246FCE700F70A6B /* Debug */ = {
			isa = XCBuildConfiguration;
			baseConfigurationReference = 129B77BCC6FBC395FF34F0A9 /* Pods-parsetagram1UITests.debug.xcconfig */;
			buildSettings = {
				ALWAYS_EMBED_SWIFT_STANDARD_LIBRARIES = YES;
				CODE_SIGN_STYLE = Automatic;
				DEVELOPMENT_TEAM = 5BNYHY7288;
				INFOPLIST_FILE = parsetagram1UITests/Info.plist;
				LD_RUNPATH_SEARCH_PATHS = (
					"$(inherited)",
					"@executable_path/Frameworks",
					"@loader_path/Frameworks",
				);
				PRODUCT_BUNDLE_IDENTIFIER = codepath.parsetagram1UITests;
				PRODUCT_NAME = "$(TARGET_NAME)";
				SWIFT_VERSION = 4.2;
				TARGETED_DEVICE_FAMILY = "1,2";
				TEST_TARGET_NAME = parsetagram1;
			};
			name = Debug;
		};
		22FB5DE62246FCE700F70A6B /* Release */ = {
			isa = XCBuildConfiguration;
			baseConfigurationReference = A0D7E779E3D6AF679A198D5A /* Pods-parsetagram1UITests.release.xcconfig */;
			buildSettings = {
				ALWAYS_EMBED_SWIFT_STANDARD_LIBRARIES = YES;
				CODE_SIGN_STYLE = Automatic;
				DEVELOPMENT_TEAM = 5BNYHY7288;
				INFOPLIST_FILE = parsetagram1UITests/Info.plist;
				LD_RUNPATH_SEARCH_PATHS = (
					"$(inherited)",
					"@executable_path/Frameworks",
					"@loader_path/Frameworks",
				);
				PRODUCT_BUNDLE_IDENTIFIER = codepath.parsetagram1UITests;
				PRODUCT_NAME = "$(TARGET_NAME)";
				SWIFT_VERSION = 4.2;
				TARGETED_DEVICE_FAMILY = "1,2";
				TEST_TARGET_NAME = parsetagram1;
			};
			name = Release;
		};
/* End XCBuildConfiguration section */

/* Begin XCConfigurationList section */
		22FB5DB12246FCDC00F70A6B /* Build configuration list for PBXProject "parsetagram1" */ = {
			isa = XCConfigurationList;
			buildConfigurations = (
				22FB5DDC2246FCE700F70A6B /* Debug */,
				22FB5DDD2246FCE700F70A6B /* Release */,
			);
			defaultConfigurationIsVisible = 0;
			defaultConfigurationName = Release;
		};
		22FB5DDE2246FCE700F70A6B /* Build configuration list for PBXNativeTarget "parsetagram1" */ = {
			isa = XCConfigurationList;
			buildConfigurations = (
				22FB5DDF2246FCE700F70A6B /* Debug */,
				22FB5DE02246FCE700F70A6B /* Release */,
			);
			defaultConfigurationIsVisible = 0;
			defaultConfigurationName = Release;
		};
		22FB5DE12246FCE700F70A6B /* Build configuration list for PBXNativeTarget "parsetagram1Tests" */ = {
			isa = XCConfigurationList;
			buildConfigurations = (
				22FB5DE22246FCE700F70A6B /* Debug */,
				22FB5DE32246FCE700F70A6B /* Release */,
			);
			defaultConfigurationIsVisible = 0;
			defaultConfigurationName = Release;
		};
		22FB5DE42246FCE700F70A6B /* Build configuration list for PBXNativeTarget "parsetagram1UITests" */ = {
			isa = XCConfigurationList;
			buildConfigurations = (
				22FB5DE52246FCE700F70A6B /* Debug */,
				22FB5DE62246FCE700F70A6B /* Release */,
			);
			defaultConfigurationIsVisible = 0;
			defaultConfigurationName = Release;
		};
/* End XCConfigurationList section */
	};
	rootObject = 22FB5DAE2246FCDC00F70A6B /* Project object */;
}
